// !$*UTF8*$!
{
	archiveVersion = 1;
	classes = {
	};
	objectVersion = 56;
	objects = {

/* Begin PBXBuildFile section */
		5743E2C92C54569B0087BC3D /* CursoIOSApp.swift in Sources */ = {isa = PBXBuildFile; fileRef = 5743E2C82C54569B0087BC3D /* CursoIOSApp.swift */; };
		5743E2CB2C54569B0087BC3D /* Exercies1.swift in Sources */ = {isa = PBXBuildFile; fileRef = 5743E2CA2C54569B0087BC3D /* Exercies1.swift */; };
		5743E2CD2C54569C0087BC3D /* Assets.xcassets in Resources */ = {isa = PBXBuildFile; fileRef = 5743E2CC2C54569C0087BC3D /* Assets.xcassets */; };
		5743E2D02C54569C0087BC3D /* Preview Assets.xcassets in Resources */ = {isa = PBXBuildFile; fileRef = 5743E2CF2C54569C0087BC3D /* Preview Assets.xcassets */; };
		5743E2DA2C54569C0087BC3D /* CursoIOSTests.swift in Sources */ = {isa = PBXBuildFile; fileRef = 5743E2D92C54569C0087BC3D /* CursoIOSTests.swift */; };
		5743E2E42C54569C0087BC3D /* CursoIOSUITests.swift in Sources */ = {isa = PBXBuildFile; fileRef = 5743E2E32C54569C0087BC3D /* CursoIOSUITests.swift */; };
		5743E2E62C54569C0087BC3D /* CursoIOSUITestsLaunchTests.swift in Sources */ = {isa = PBXBuildFile; fileRef = 5743E2E52C54569C0087BC3D /* CursoIOSUITestsLaunchTests.swift */; };
		57FBB3992C59CB8E00444671 /* MainView.swift in Sources */ = {isa = PBXBuildFile; fileRef = 57FBB3982C59CB8E00444671 /* MainView.swift */; };
		57FBB39C2C59CD1A00444671 /* TextExample.swift in Sources */ = {isa = PBXBuildFile; fileRef = 57FBB39B2C59CD1A00444671 /* TextExample.swift */; };
/* End PBXBuildFile section */

/* Begin PBXContainerItemProxy section */
		5743E2D62C54569C0087BC3D /* PBXContainerItemProxy */ = {
			isa = PBXContainerItemProxy;
			containerPortal = 5743E2BD2C54569B0087BC3D /* Project object */;
			proxyType = 1;
			remoteGlobalIDString = 5743E2C42C54569B0087BC3D;
			remoteInfo = CursoIOS;
		};
		5743E2E02C54569C0087BC3D /* PBXContainerItemProxy */ = {
			isa = PBXContainerItemProxy;
			containerPortal = 5743E2BD2C54569B0087BC3D /* Project object */;
			proxyType = 1;
			remoteGlobalIDString = 5743E2C42C54569B0087BC3D;
			remoteInfo = CursoIOS;
		};
/* End PBXContainerItemProxy section */

/* Begin PBXFileReference section */
		5743E2C52C54569B0087BC3D /* CursoIOS.app */ = {isa = PBXFileReference; explicitFileType = wrapper.application; includeInIndex = 0; path = CursoIOS.app; sourceTree = BUILT_PRODUCTS_DIR; };
		5743E2C82C54569B0087BC3D /* CursoIOSApp.swift */ = {isa = PBXFileReference; lastKnownFileType = sourcecode.swift; path = CursoIOSApp.swift; sourceTree = "<group>"; };
		5743E2CA2C54569B0087BC3D /* Exercies1.swift */ = {isa = PBXFileReference; lastKnownFileType = sourcecode.swift; path = Exercies1.swift; sourceTree = "<group>"; };
		5743E2CC2C54569C0087BC3D /* Assets.xcassets */ = {isa = PBXFileReference; lastKnownFileType = folder.assetcatalog; path = Assets.xcassets; sourceTree = "<group>"; };
		5743E2CF2C54569C0087BC3D /* Preview Assets.xcassets */ = {isa = PBXFileReference; lastKnownFileType = folder.assetcatalog; path = "Preview Assets.xcassets"; sourceTree = "<group>"; };
		5743E2D52C54569C0087BC3D /* CursoIOSTests.xctest */ = {isa = PBXFileReference; explicitFileType = wrapper.cfbundle; includeInIndex = 0; path = CursoIOSTests.xctest; sourceTree = BUILT_PRODUCTS_DIR; };
		5743E2D92C54569C0087BC3D /* CursoIOSTests.swift */ = {isa = PBXFileReference; lastKnownFileType = sourcecode.swift; path = CursoIOSTests.swift; sourceTree = "<group>"; };
		5743E2DF2C54569C0087BC3D /* CursoIOSUITests.xctest */ = {isa = PBXFileReference; explicitFileType = wrapper.cfbundle; includeInIndex = 0; path = CursoIOSUITests.xctest; sourceTree = BUILT_PRODUCTS_DIR; };
		5743E2E32C54569C0087BC3D /* CursoIOSUITests.swift */ = {isa = PBXFileReference; lastKnownFileType = sourcecode.swift; path = CursoIOSUITests.swift; sourceTree = "<group>"; };
		5743E2E52C54569C0087BC3D /* CursoIOSUITestsLaunchTests.swift */ = {isa = PBXFileReference; lastKnownFileType = sourcecode.swift; path = CursoIOSUITestsLaunchTests.swift; sourceTree = "<group>"; };
		57FBB3982C59CB8E00444671 /* MainView.swift */ = {isa = PBXFileReference; lastKnownFileType = sourcecode.swift; path = MainView.swift; sourceTree = "<group>"; };
		57FBB39B2C59CD1A00444671 /* TextExample.swift */ = {isa = PBXFileReference; lastKnownFileType = sourcecode.swift; path = TextExample.swift; sourceTree = "<group>"; };
/* End PBXFileReference section */

/* Begin PBXFrameworksBuildPhase section */
		5743E2C22C54569B0087BC3D /* Frameworks */ = {
			isa = PBXFrameworksBuildPhase;
			buildActionMask = 2147483647;
			files = (
			);
			runOnlyForDeploymentPostprocessing = 0;
		};
		5743E2D22C54569C0087BC3D /* Frameworks */ = {
			isa = PBXFrameworksBuildPhase;
			buildActionMask = 2147483647;
			files = (
			);
			runOnlyForDeploymentPostprocessing = 0;
		};
		5743E2DC2C54569C0087BC3D /* Frameworks */ = {
			isa = PBXFrameworksBuildPhase;
			buildActionMask = 2147483647;
			files = (
			);
			runOnlyForDeploymentPostprocessing = 0;
		};
/* End PBXFrameworksBuildPhase section */

/* Begin PBXGroup section */
		5743E2BC2C54569B0087BC3D = {
			isa = PBXGroup;
			children = (
				5743E2C72C54569B0087BC3D /* CursoIOS */,
				5743E2D82C54569C0087BC3D /* CursoIOSTests */,
				5743E2E22C54569C0087BC3D /* CursoIOSUITests */,
				5743E2C62C54569B0087BC3D /* Products */,
			);
			sourceTree = "<group>";
		};
		5743E2C62C54569B0087BC3D /* Products */ = {
			isa = PBXGroup;
			children = (
				5743E2C52C54569B0087BC3D /* CursoIOS.app */,
				5743E2D52C54569C0087BC3D /* CursoIOSTests.xctest */,
				5743E2DF2C54569C0087BC3D /* CursoIOSUITests.xctest */,
			);
			name = Products;
			sourceTree = "<group>";
		};
		5743E2C72C54569B0087BC3D /* CursoIOS */ = {
			isa = PBXGroup;
			children = (
				57FBB39A2C59CBA800444671 /* Components */,
				57FBB3972C59CA3F00444671 /* Exercises */,
				5743E2C82C54569B0087BC3D /* CursoIOSApp.swift */,
				57FBB3982C59CB8E00444671 /* MainView.swift */,
				5743E2CC2C54569C0087BC3D /* Assets.xcassets */,
				5743E2CE2C54569C0087BC3D /* Preview Content */,
			);
			path = CursoIOS;
			sourceTree = "<group>";
		};
		5743E2CE2C54569C0087BC3D /* Preview Content */ = {
			isa = PBXGroup;
			children = (
				5743E2CF2C54569C0087BC3D /* Preview Assets.xcassets */,
			);
			path = "Preview Content";
			sourceTree = "<group>";
		};
		5743E2D82C54569C0087BC3D /* CursoIOSTests */ = {
			isa = PBXGroup;
			children = (
				5743E2D92C54569C0087BC3D /* CursoIOSTests.swift */,
			);
			path = CursoIOSTests;
			sourceTree = "<group>";
		};
		5743E2E22C54569C0087BC3D /* CursoIOSUITests */ = {
			isa = PBXGroup;
			children = (
				5743E2E32C54569C0087BC3D /* CursoIOSUITests.swift */,
				5743E2E52C54569C0087BC3D /* CursoIOSUITestsLaunchTests.swift */,
			);
			path = CursoIOSUITests;
			sourceTree = "<group>";
		};
		57FBB3972C59CA3F00444671 /* Exercises */ = {
			isa = PBXGroup;
			children = (
				5743E2CA2C54569B0087BC3D /* Exercies1.swift */,
			);
			path = Exercises;
			sourceTree = "<group>";
		};
		57FBB39A2C59CBA800444671 /* Components */ = {
			isa = PBXGroup;
			children = (
				57FBB39B2C59CD1A00444671 /* TextExample.swift */,
			);
			path = Components;
			sourceTree = "<group>";
		};
/* End PBXGroup section */

/* Begin PBXNativeTarget section */
		5743E2C42C54569B0087BC3D /* CursoIOS */ = {
			isa = PBXNativeTarget;
			buildConfigurationList = 5743E2E92C54569C0087BC3D /* Build configuration list for PBXNativeTarget "CursoIOS" */;
			buildPhases = (
				5743E2C12C54569B0087BC3D /* Sources */,
				5743E2C22C54569B0087BC3D /* Frameworks */,
				5743E2C32C54569B0087BC3D /* Resources */,
			);
			buildRules = (
			);
			dependencies = (
			);
			name = CursoIOS;
			productName = CursoIOS;
			productReference = 5743E2C52C54569B0087BC3D /* CursoIOS.app */;
			productType = "com.apple.product-type.application";
		};
		5743E2D42C54569C0087BC3D /* CursoIOSTests */ = {
			isa = PBXNativeTarget;
			buildConfigurationList = 5743E2EC2C54569C0087BC3D /* Build configuration list for PBXNativeTarget "CursoIOSTests" */;
			buildPhases = (
				5743E2D12C54569C0087BC3D /* Sources */,
				5743E2D22C54569C0087BC3D /* Frameworks */,
				5743E2D32C54569C0087BC3D /* Resources */,
			);
			buildRules = (
			);
			dependencies = (
				5743E2D72C54569C0087BC3D /* PBXTargetDependency */,
			);
			name = CursoIOSTests;
			productName = CursoIOSTests;
			productReference = 5743E2D52C54569C0087BC3D /* CursoIOSTests.xctest */;
			productType = "com.apple.product-type.bundle.unit-test";
		};
		5743E2DE2C54569C0087BC3D /* CursoIOSUITests */ = {
			isa = PBXNativeTarget;
			buildConfigurationList = 5743E2EF2C54569C0087BC3D /* Build configuration list for PBXNativeTarget "CursoIOSUITests" */;
			buildPhases = (
				5743E2DB2C54569C0087BC3D /* Sources */,
				5743E2DC2C54569C0087BC3D /* Frameworks */,
				5743E2DD2C54569C0087BC3D /* Resources */,
			);
			buildRules = (
			);
			dependencies = (
				5743E2E12C54569C0087BC3D /* PBXTargetDependency */,
			);
			name = CursoIOSUITests;
			productName = CursoIOSUITests;
			productReference = 5743E2DF2C54569C0087BC3D /* CursoIOSUITests.xctest */;
			productType = "com.apple.product-type.bundle.ui-testing";
		};
/* End PBXNativeTarget section */

/* Begin PBXProject section */
		5743E2BD2C54569B0087BC3D /* Project object */ = {
			isa = PBXProject;
			attributes = {
				BuildIndependentTargetsInParallel = 1;
				LastSwiftUpdateCheck = 1540;
				LastUpgradeCheck = 1540;
				TargetAttributes = {
					5743E2C42C54569B0087BC3D = {
						CreatedOnToolsVersion = 15.4;
					};
					5743E2D42C54569C0087BC3D = {
						CreatedOnToolsVersion = 15.4;
						TestTargetID = 5743E2C42C54569B0087BC3D;
					};
					5743E2DE2C54569C0087BC3D = {
						CreatedOnToolsVersion = 15.4;
						TestTargetID = 5743E2C42C54569B0087BC3D;
					};
				};
			};
			buildConfigurationList = 5743E2C02C54569B0087BC3D /* Build configuration list for PBXProject "CursoIOS" */;
			compatibilityVersion = "Xcode 14.0";
			developmentRegion = en;
			hasScannedForEncodings = 0;
			knownRegions = (
				en,
				Base,
			);
			mainGroup = 5743E2BC2C54569B0087BC3D;
			productRefGroup = 5743E2C62C54569B0087BC3D /* Products */;
			projectDirPath = "";
			projectRoot = "";
			targets = (
				5743E2C42C54569B0087BC3D /* CursoIOS */,
				5743E2D42C54569C0087BC3D /* CursoIOSTests */,
				5743E2DE2C54569C0087BC3D /* CursoIOSUITests */,
			);
		};
/* End PBXProject section */

/* Begin PBXResourcesBuildPhase section */
		5743E2C32C54569B0087BC3D /* Resources */ = {
			isa = PBXResourcesBuildPhase;
			buildActionMask = 2147483647;
			files = (
				5743E2D02C54569C0087BC3D /* Preview Assets.xcassets in Resources */,
				5743E2CD2C54569C0087BC3D /* Assets.xcassets in Resources */,
			);
			runOnlyForDeploymentPostprocessing = 0;
		};
		5743E2D32C54569C0087BC3D /* Resources */ = {
			isa = PBXResourcesBuildPhase;
			buildActionMask = 2147483647;
			files = (
			);
			runOnlyForDeploymentPostprocessing = 0;
		};
		5743E2DD2C54569C0087BC3D /* Resources */ = {
			isa = PBXResourcesBuildPhase;
			buildActionMask = 2147483647;
			files = (
			);
			runOnlyForDeploymentPostprocessing = 0;
		};
/* End PBXResourcesBuildPhase section */

/* Begin PBXSourcesBuildPhase section */
		5743E2C12C54569B0087BC3D /* Sources */ = {
			isa = PBXSourcesBuildPhase;
			buildActionMask = 2147483647;
			files = (
				5743E2CB2C54569B0087BC3D /* Exercies1.swift in Sources */,
				57FBB39C2C59CD1A00444671 /* TextExample.swift in Sources */,
				57FBB3992C59CB8E00444671 /* MainView.swift in Sources */,
				5743E2C92C54569B0087BC3D /* CursoIOSApp.swift in Sources */,
			);
			runOnlyForDeploymentPostprocessing = 0;
		};
		5743E2D12C54569C0087BC3D /* Sources */ = {
			isa = PBXSourcesBuildPhase;
			buildActionMask = 2147483647;
			files = (
				5743E2DA2C54569C0087BC3D /* CursoIOSTests.swift in Sources */,
			);
			runOnlyForDeploymentPostprocessing = 0;
		};
		5743E2DB2C54569C0087BC3D /* Sources */ = {
			isa = PBXSourcesBuildPhase;
			buildActionMask = 2147483647;
			files = (
				5743E2E62C54569C0087BC3D /* CursoIOSUITestsLaunchTests.swift in Sources */,
				5743E2E42C54569C0087BC3D /* CursoIOSUITests.swift in Sources */,
			);
			runOnlyForDeploymentPostprocessing = 0;
		};
/* End PBXSourcesBuildPhase section */

/* Begin PBXTargetDependency section */
		5743E2D72C54569C0087BC3D /* PBXTargetDependency */ = {
			isa = PBXTargetDependency;
			target = 5743E2C42C54569B0087BC3D /* CursoIOS */;
			targetProxy = 5743E2D62C54569C0087BC3D /* PBXContainerItemProxy */;
		};
		5743E2E12C54569C0087BC3D /* PBXTargetDependency */ = {
			isa = PBXTargetDependency;
			target = 5743E2C42C54569B0087BC3D /* CursoIOS */;
			targetProxy = 5743E2E02C54569C0087BC3D /* PBXContainerItemProxy */;
		};
/* End PBXTargetDependency section */

/* Begin XCBuildConfiguration section */
		5743E2E72C54569C0087BC3D /* Debug */ = {
			isa = XCBuildConfiguration;
			buildSettings = {
				ALWAYS_SEARCH_USER_PATHS = NO;
				ASSETCATALOG_COMPILER_GENERATE_SWIFT_ASSET_SYMBOL_EXTENSIONS = YES;
				CLANG_ANALYZER_NONNULL = YES;
				CLANG_ANALYZER_NUMBER_OBJECT_CONVERSION = YES_AGGRESSIVE;
				CLANG_CXX_LANGUAGE_STANDARD = "gnu++20";
				CLANG_ENABLE_MODULES = YES;
				CLANG_ENABLE_OBJC_ARC = YES;
				CLANG_ENABLE_OBJC_WEAK = YES;
				CLANG_WARN_BLOCK_CAPTURE_AUTORELEASING = YES;
				CLANG_WARN_BOOL_CONVERSION = YES;
				CLANG_WARN_COMMA = YES;
				CLANG_WARN_CONSTANT_CONVERSION = YES;
				CLANG_WARN_DEPRECATED_OBJC_IMPLEMENTATIONS = YES;
				CLANG_WARN_DIRECT_OBJC_ISA_USAGE = YES_ERROR;
				CLANG_WARN_DOCUMENTATION_COMMENTS = YES;
				CLANG_WARN_EMPTY_BODY = YES;
				CLANG_WARN_ENUM_CONVERSION = YES;
				CLANG_WARN_INFINITE_RECURSION = YES;
				CLANG_WARN_INT_CONVERSION = YES;
				CLANG_WARN_NON_LITERAL_NULL_CONVERSION = YES;
				CLANG_WARN_OBJC_IMPLICIT_RETAIN_SELF = YES;
				CLANG_WARN_OBJC_LITERAL_CONVERSION = YES;
				CLANG_WARN_OBJC_ROOT_CLASS = YES_ERROR;
				CLANG_WARN_QUOTED_INCLUDE_IN_FRAMEWORK_HEADER = YES;
				CLANG_WARN_RANGE_LOOP_ANALYSIS = YES;
				CLANG_WARN_STRICT_PROTOTYPES = YES;
				CLANG_WARN_SUSPICIOUS_MOVE = YES;
				CLANG_WARN_UNGUARDED_AVAILABILITY = YES_AGGRESSIVE;
				CLANG_WARN_UNREACHABLE_CODE = YES;
				CLANG_WARN__DUPLICATE_METHOD_MATCH = YES;
				COPY_PHASE_STRIP = NO;
				DEBUG_INFORMATION_FORMAT = dwarf;
				ENABLE_STRICT_OBJC_MSGSEND = YES;
				ENABLE_TESTABILITY = YES;
				ENABLE_USER_SCRIPT_SANDBOXING = YES;
				GCC_C_LANGUAGE_STANDARD = gnu17;
				GCC_DYNAMIC_NO_PIC = NO;
				GCC_NO_COMMON_BLOCKS = YES;
				GCC_OPTIMIZATION_LEVEL = 0;
				GCC_PREPROCESSOR_DEFINITIONS = (
					"DEBUG=1",
					"$(inherited)",
				);
				GCC_WARN_64_TO_32_BIT_CONVERSION = YES;
				GCC_WARN_ABOUT_RETURN_TYPE = YES_ERROR;
				GCC_WARN_UNDECLARED_SELECTOR = YES;
				GCC_WARN_UNINITIALIZED_AUTOS = YES_AGGRESSIVE;
				GCC_WARN_UNUSED_FUNCTION = YES;
				GCC_WARN_UNUSED_VARIABLE = YES;
				IPHONEOS_DEPLOYMENT_TARGET = 17.5;
				LOCALIZATION_PREFERS_STRING_CATALOGS = YES;
				MTL_ENABLE_DEBUG_INFO = INCLUDE_SOURCE;
				MTL_FAST_MATH = YES;
				ONLY_ACTIVE_ARCH = YES;
				SDKROOT = iphoneos;
				SWIFT_ACTIVE_COMPILATION_CONDITIONS = "DEBUG $(inherited)";
				SWIFT_OPTIMIZATION_LEVEL = "-Onone";
			};
			name = Debug;
		};
		5743E2E82C54569C0087BC3D /* Release */ = {
			isa = XCBuildConfiguration;
			buildSettings = {
				ALWAYS_SEARCH_USER_PATHS = NO;
				ASSETCATALOG_COMPILER_GENERATE_SWIFT_ASSET_SYMBOL_EXTENSIONS = YES;
				CLANG_ANALYZER_NONNULL = YES;
				CLANG_ANALYZER_NUMBER_OBJECT_CONVERSION = YES_AGGRESSIVE;
				CLANG_CXX_LANGUAGE_STANDARD = "gnu++20";
				CLANG_ENABLE_MODULES = YES;
				CLANG_ENABLE_OBJC_ARC = YES;
				CLANG_ENABLE_OBJC_WEAK = YES;
				CLANG_WARN_BLOCK_CAPTURE_AUTORELEASING = YES;
				CLANG_WARN_BOOL_CONVERSION = YES;
				CLANG_WARN_COMMA = YES;
				CLANG_WARN_CONSTANT_CONVERSION = YES;
				CLANG_WARN_DEPRECATED_OBJC_IMPLEMENTATIONS = YES;
				CLANG_WARN_DIRECT_OBJC_ISA_USAGE = YES_ERROR;
				CLANG_WARN_DOCUMENTATION_COMMENTS = YES;
				CLANG_WARN_EMPTY_BODY = YES;
				CLANG_WARN_ENUM_CONVERSION = YES;
				CLANG_WARN_INFINITE_RECURSION = YES;
				CLANG_WARN_INT_CONVERSION = YES;
				CLANG_WARN_NON_LITERAL_NULL_CONVERSION = YES;
				CLANG_WARN_OBJC_IMPLICIT_RETAIN_SELF = YES;
				CLANG_WARN_OBJC_LITERAL_CONVERSION = YES;
				CLANG_WARN_OBJC_ROOT_CLASS = YES_ERROR;
				CLANG_WARN_QUOTED_INCLUDE_IN_FRAMEWORK_HEADER = YES;
				CLANG_WARN_RANGE_LOOP_ANALYSIS = YES;
				CLANG_WARN_STRICT_PROTOTYPES = YES;
				CLANG_WARN_SUSPICIOUS_MOVE = YES;
				CLANG_WARN_UNGUARDED_AVAILABILITY = YES_AGGRESSIVE;
				CLANG_WARN_UNREACHABLE_CODE = YES;
				CLANG_WARN__DUPLICATE_METHOD_MATCH = YES;
				COPY_PHASE_STRIP = NO;
				DEBUG_INFORMATION_FORMAT = "dwarf-with-dsym";
				ENABLE_NS_ASSERTIONS = NO;
				ENABLE_STRICT_OBJC_MSGSEND = YES;
				ENABLE_USER_SCRIPT_SANDBOXING = YES;
				GCC_C_LANGUAGE_STANDARD = gnu17;
				GCC_NO_COMMON_BLOCKS = YES;
				GCC_WARN_64_TO_32_BIT_CONVERSION = YES;
				GCC_WARN_ABOUT_RETURN_TYPE = YES_ERROR;
				GCC_WARN_UNDECLARED_SELECTOR = YES;
				GCC_WARN_UNINITIALIZED_AUTOS = YES_AGGRESSIVE;
				GCC_WARN_UNUSED_FUNCTION = YES;
				GCC_WARN_UNUSED_VARIABLE = YES;
				IPHONEOS_DEPLOYMENT_TARGET = 17.5;
				LOCALIZATION_PREFERS_STRING_CATALOGS = YES;
				MTL_ENABLE_DEBUG_INFO = NO;
				MTL_FAST_MATH = YES;
				SDKROOT = iphoneos;
				SWIFT_COMPILATION_MODE = wholemodule;
				VALIDATE_PRODUCT = YES;
			};
			name = Release;
		};
		5743E2EA2C54569C0087BC3D /* Debug */ = {
			isa = XCBuildConfiguration;
			buildSettings = {
				ASSETCATALOG_COMPILER_APPICON_NAME = AppIcon;
				ASSETCATALOG_COMPILER_GLOBAL_ACCENT_COLOR_NAME = AccentColor;
				CODE_SIGN_STYLE = Automatic;
				CURRENT_PROJECT_VERSION = 1;
				DEVELOPMENT_ASSET_PATHS = "\"CursoIOS/Preview Content\"";
				ENABLE_PREVIEWS = YES;
				GENERATE_INFOPLIST_FILE = YES;
				INFOPLIST_KEY_UIApplicationSceneManifest_Generation = YES;
				INFOPLIST_KEY_UIApplicationSupportsIndirectInputEvents = YES;
				INFOPLIST_KEY_UILaunchScreen_Generation = YES;
				INFOPLIST_KEY_UISupportedInterfaceOrientations_iPad = "UIInterfaceOrientationPortrait UIInterfaceOrientationPortraitUpsideDown UIInterfaceOrientationLandscapeLeft UIInterfaceOrientationLandscapeRight";
				INFOPLIST_KEY_UISupportedInterfaceOrientations_iPhone = "UIInterfaceOrientationPortrait UIInterfaceOrientationLandscapeLeft UIInterfaceOrientationLandscapeRight";
				LD_RUNPATH_SEARCH_PATHS = (
					"$(inherited)",
					"@executable_path/Frameworks",
				);
				MARKETING_VERSION = 1.0;
				PRODUCT_BUNDLE_IDENTIFIER = com.zendev.CursoIOS;
				PRODUCT_NAME = "$(TARGET_NAME)";
				SWIFT_EMIT_LOC_STRINGS = YES;
				SWIFT_VERSION = 5.0;
				TARGETED_DEVICE_FAMILY = "1,2";
			};
			name = Debug;
		};
		5743E2EB2C54569C0087BC3D /* Release */ = {
			isa = XCBuildConfiguration;
			buildSettings = {
				ASSETCATALOG_COMPILER_APPICON_NAME = AppIcon;
				ASSETCATALOG_COMPILER_GLOBAL_ACCENT_COLOR_NAME = AccentColor;
				CODE_SIGN_STYLE = Automatic;
				CURRENT_PROJECT_VERSION = 1;
				DEVELOPMENT_ASSET_PATHS = "\"CursoIOS/Preview Content\"";
				ENABLE_PREVIEWS = YES;
				GENERATE_INFOPLIST_FILE = YES;
				INFOPLIST_KEY_UIApplicationSceneManifest_Generation = YES;
				INFOPLIST_KEY_UIApplicationSupportsIndirectInputEvents = YES;
				INFOPLIST_KEY_UILaunchScreen_Generation = YES;
				INFOPLIST_KEY_UISupportedInterfaceOrientations_iPad = "UIInterfaceOrientationPortrait UIInterfaceOrientationPortraitUpsideDown UIInterfaceOrientationLandscapeLeft UIInterfaceOrientationLandscapeRight";
				INFOPLIST_KEY_UISupportedInterfaceOrientations_iPhone = "UIInterfaceOrientationPortrait UIInterfaceOrientationLandscapeLeft UIInterfaceOrientationLandscapeRight";
				LD_RUNPATH_SEARCH_PATHS = (
					"$(inherited)",
					"@executable_path/Frameworks",
				);
				MARKETING_VERSION = 1.0;
				PRODUCT_BUNDLE_IDENTIFIER = com.zendev.CursoIOS;
				PRODUCT_NAME = "$(TARGET_NAME)";
				SWIFT_EMIT_LOC_STRINGS = YES;
				SWIFT_VERSION = 5.0;
				TARGETED_DEVICE_FAMILY = "1,2";
			};
			name = Release;
		};
		5743E2ED2C54569C0087BC3D /* Debug */ = {
			isa = XCBuildConfiguration;
			buildSettings = {
				ALWAYS_EMBED_SWIFT_STANDARD_LIBRARIES = YES;
				BUNDLE_LOADER = "$(TEST_HOST)";
				CODE_SIGN_STYLE = Automatic;
				CURRENT_PROJECT_VERSION = 1;
				GENERATE_INFOPLIST_FILE = YES;
				IPHONEOS_DEPLOYMENT_TARGET = 17.5;
				MARKETING_VERSION = 1.0;
				PRODUCT_BUNDLE_IDENTIFIER = com.zendev.CursoIOSTests;
				PRODUCT_NAME = "$(TARGET_NAME)";
				SWIFT_EMIT_LOC_STRINGS = NO;
				SWIFT_VERSION = 5.0;
				TARGETED_DEVICE_FAMILY = "1,2";
				TEST_HOST = "$(BUILT_PRODUCTS_DIR)/CursoIOS.app/$(BUNDLE_EXECUTABLE_FOLDER_PATH)/CursoIOS";
			};
			name = Debug;
		};
		5743E2EE2C54569C0087BC3D /* Release */ = {
			isa = XCBuildConfiguration;
			buildSettings = {
				ALWAYS_EMBED_SWIFT_STANDARD_LIBRARIES = YES;
				BUNDLE_LOADER = "$(TEST_HOST)";
				CODE_SIGN_STYLE = Automatic;
				CURRENT_PROJECT_VERSION = 1;
				GENERATE_INFOPLIST_FILE = YES;
				IPHONEOS_DEPLOYMENT_TARGET = 17.5;
				MARKETING_VERSION = 1.0;
				PRODUCT_BUNDLE_IDENTIFIER = com.zendev.CursoIOSTests;
				PRODUCT_NAME = "$(TARGET_NAME)";
				SWIFT_EMIT_LOC_STRINGS = NO;
				SWIFT_VERSION = 5.0;
				TARGETED_DEVICE_FAMILY = "1,2";
				TEST_HOST = "$(BUILT_PRODUCTS_DIR)/CursoIOS.app/$(BUNDLE_EXECUTABLE_FOLDER_PATH)/CursoIOS";
			};
			name = Release;
		};
		5743E2F02C54569C0087BC3D /* Debug */ = {
			isa = XCBuildConfiguration;
			buildSettings = {
				ALWAYS_EMBED_SWIFT_STANDARD_LIBRARIES = YES;
				CODE_SIGN_STYLE = Automatic;
				CURRENT_PROJECT_VERSION = 1;
				GENERATE_INFOPLIST_FILE = YES;
				MARKETING_VERSION = 1.0;
				PRODUCT_BUNDLE_IDENTIFIER = com.zendev.CursoIOSUITests;
				PRODUCT_NAME = "$(TARGET_NAME)";
				SWIFT_EMIT_LOC_STRINGS = NO;
				SWIFT_VERSION = 5.0;
				TARGETED_DEVICE_FAMILY = "1,2";
				TEST_TARGET_NAME = CursoIOS;
			};
			name = Debug;
		};
		5743E2F12C54569C0087BC3D /* Release */ = {
			isa = XCBuildConfiguration;
			buildSettings = {
				ALWAYS_EMBED_SWIFT_STANDARD_LIBRARIES = YES;
				CODE_SIGN_STYLE = Automatic;
				CURRENT_PROJECT_VERSION = 1;
				GENERATE_INFOPLIST_FILE = YES;
				MARKETING_VERSION = 1.0;
				PRODUCT_BUNDLE_IDENTIFIER = com.zendev.CursoIOSUITests;
				PRODUCT_NAME = "$(TARGET_NAME)";
				SWIFT_EMIT_LOC_STRINGS = NO;
				SWIFT_VERSION = 5.0;
				TARGETED_DEVICE_FAMILY = "1,2";
				TEST_TARGET_NAME = CursoIOS;
			};
			name = Release;
		};
/* End XCBuildConfiguration section */

/* Begin XCConfigurationList section */
		5743E2C02C54569B0087BC3D /* Build configuration list for PBXProject "CursoIOS" */ = {
			isa = XCConfigurationList;
			buildConfigurations = (
				5743E2E72C54569C0087BC3D /* Debug */,
				5743E2E82C54569C0087BC3D /* Release */,
			);
			defaultConfigurationIsVisible = 0;
			defaultConfigurationName = Release;
		};
		5743E2E92C54569C0087BC3D /* Build configuration list for PBXNativeTarget "CursoIOS" */ = {
			isa = XCConfigurationList;
			buildConfigurations = (
				5743E2EA2C54569C0087BC3D /* Debug */,
				5743E2EB2C54569C0087BC3D /* Release */,
			);
			defaultConfigurationIsVisible = 0;
			defaultConfigurationName = Release;
		};
		5743E2EC2C54569C0087BC3D /* Build configuration list for PBXNativeTarget "CursoIOSTests" */ = {
			isa = XCConfigurationList;
			buildConfigurations = (
				5743E2ED2C54569C0087BC3D /* Debug */,
				5743E2EE2C54569C0087BC3D /* Release */,
			);
			defaultConfigurationIsVisible = 0;
			defaultConfigurationName = Release;
		};
		5743E2EF2C54569C0087BC3D /* Build configuration list for PBXNativeTarget "CursoIOSUITests" */ = {
			isa = XCConfigurationList;
			buildConfigurations = (
				5743E2F02C54569C0087BC3D /* Debug */,
				5743E2F12C54569C0087BC3D /* Release */,
			);
			defaultConfigurationIsVisible = 0;
			defaultConfigurationName = Release;
		};
/* End XCConfigurationList section */
	};
	rootObject = 5743E2BD2C54569B0087BC3D /* Project object */;
}
